
Microsoft Visual Studio Solution File, Format Version 12.00
# Visual Studio 14
VisualStudioVersion = 14.0.25420.1
MinimumVisualStudioVersion = 10.0.40219.1
Project("{2150E333-8FDC-42A3-9474-1A3956D46DE8}") = "Solution Items", "Solution Items", "{CC4DF41A-CBD8-4846-8629-9E76C10B8EC2}"
EndProject
Project("{2150E333-8FDC-42A3-9474-1A3956D46DE8}") = "Rx Example", "Rx Example", "{0FD3AE24-B9DA-4421-B0E3-57BCA0F4E642}"
EndProject
Project("{2150E333-8FDC-42A3-9474-1A3956D46DE8}") = "Examples", "Examples", "{7D5ED9CE-3144-43C8-B962-74C1C6BA6CE8}"
EndProject
Project("{2150E333-8FDC-42A3-9474-1A3956D46DE8}") = "NuGet Package", "NuGet Package", "{7AA71670-E725-4CE0-A696-01FCEAC6120E}"
EndProject
Project("{FAE04EC0-301F-11D3-BF4B-00C04F79EFBC}") = "CourierB.ViewModels", "Courier.ViewModels\CourierB.ViewModels.csproj", "{3EBBAE49-0F50-49C2-A8D9-4C350F432627}"
EndProject
Project("{FAE04EC0-301F-11D3-BF4B-00C04F79EFBC}") = "CourierB.Example.WPF", "Courier.WPF\CourierB.Example.WPF.csproj", "{B465F352-4BCF-421F-A6D2-BC57803E26AA}"
EndProject
Project("{FAE04EC0-301F-11D3-BF4B-00C04F79EFBC}") = "CourierB.Rx", "Courier.Rx\CourierB.Rx.csproj", "{87654BDF-9893-4516-8A05-02E0C922C7FF}"
EndProject
Project("{FAE04EC0-301F-11D3-BF4B-00C04F79EFBC}") = "CourierB.Tests", "Courier.Tests\CourierB.Tests.csproj", "{D469F040-37FF-4CD1-974F-E581367897B4}"
EndProject
Project("{FAE04EC0-301F-11D3-BF4B-00C04F79EFBC}") = "CourierB.Rx.Tests", "Courier.Rx.Tests\CourierB.Rx.Tests.csproj", "{8AC05374-6AA8-41DB-987A-5DA99C6FFCD5}"
EndProject
Project("{FAE04EC0-301F-11D3-BF4B-00C04F79EFBC}") = "CourierB.ViewModels.Rx", "Courier.ViewModels.Rx\CourierB.ViewModels.Rx.csproj", "{6E7FBB8B-8F16-415B-9A04-026639861872}"
EndProject
Project("{FAE04EC0-301F-11D3-BF4B-00C04F79EFBC}") = "CourierB.Example.Rx", "Courier.WPF.Rx\CourierB.Example.Rx.csproj", "{1B25317B-2775-4B68-A538-29148CFB75F6}"
EndProject
Project("{FAE04EC0-301F-11D3-BF4B-00C04F79EFBC}") = "CourierB.PCL", "Courier.PCL\CourierB.PCL.csproj", "{AC00B9F9-8EEF-4E6D-9515-DF3EDBC48634}"
EndProject
Global
	GlobalSection(SolutionConfigurationPlatforms) = preSolution
		Debug|Any CPU = Debug|Any CPU
		Debug|ARM = Debug|ARM
		Debug|x86 = Debug|x86
		Release|Any CPU = Release|Any CPU
		Release|ARM = Release|ARM
		Release|x86 = Release|x86
	EndGlobalSection
	GlobalSection(ProjectConfigurationPlatforms) = postSolution
		{3EBBAE49-0F50-49C2-A8D9-4C350F432627}.Debug|Any CPU.ActiveCfg = Debug|Any CPU
		{3EBBAE49-0F50-49C2-A8D9-4C350F432627}.Debug|Any CPU.Build.0 = Debug|Any CPU
		{3EBBAE49-0F50-49C2-A8D9-4C350F432627}.Debug|ARM.ActiveCfg = Debug|Any CPU
		{3EBBAE49-0F50-49C2-A8D9-4C350F432627}.Debug|x86.ActiveCfg = Debug|Any CPU
		{3EBBAE49-0F50-49C2-A8D9-4C350F432627}.Release|Any CPU.ActiveCfg = Release|Any CPU
		{3EBBAE49-0F50-49C2-A8D9-4C350F432627}.Release|ARM.ActiveCfg = Release|Any CPU
		{3EBBAE49-0F50-49C2-A8D9-4C350F432627}.Release|x86.ActiveCfg = Release|Any CPU
		{B465F352-4BCF-421F-A6D2-BC57803E26AA}.Debug|Any CPU.ActiveCfg = Debug|Any CPU
		{B465F352-4BCF-421F-A6D2-BC57803E26AA}.Debug|Any CPU.Build.0 = Debug|Any CPU
		{B465F352-4BCF-421F-A6D2-BC57803E26AA}.Debug|ARM.ActiveCfg = Debug|Any CPU
		{B465F352-4BCF-421F-A6D2-BC57803E26AA}.Debug|x86.ActiveCfg = Debug|Any CPU
		{B465F352-4BCF-421F-A6D2-BC57803E26AA}.Release|Any CPU.ActiveCfg = Release|Any CPU
		{B465F352-4BCF-421F-A6D2-BC57803E26AA}.Release|ARM.ActiveCfg = Release|Any CPU
		{B465F352-4BCF-421F-A6D2-BC57803E26AA}.Release|x86.ActiveCfg = Release|Any CPU
		{87654BDF-9893-4516-8A05-02E0C922C7FF}.Debug|Any CPU.ActiveCfg = Debug|Any CPU
		{87654BDF-9893-4516-8A05-02E0C922C7FF}.Debug|Any CPU.Build.0 = Debug|Any CPU
		{87654BDF-9893-4516-8A05-02E0C922C7FF}.Debug|ARM.ActiveCfg = Debug|Any CPU
		{87654BDF-9893-4516-8A05-02E0C922C7FF}.Debug|x86.ActiveCfg = Debug|Any CPU
		{87654BDF-9893-4516-8A05-02E0C922C7FF}.Release|Any CPU.ActiveCfg = Release|Any CPU
		{87654BDF-9893-4516-8A05-02E0C922C7FF}.Release|Any CPU.Build.0 = Release|Any CPU
		{87654BDF-9893-4516-8A05-02E0C922C7FF}.Release|ARM.ActiveCfg = Release|Any CPU
		{87654BDF-9893-4516-8A05-02E0C922C7FF}.Release|x86.ActiveCfg = Release|Any CPU
		{D469F040-37FF-4CD1-974F-E581367897B4}.Debug|Any CPU.ActiveCfg = Debug|Any CPU
		{D469F040-37FF-4CD1-974F-E581367897B4}.Debug|Any CPU.Build.0 = Debug|Any CPU
		{D469F040-37FF-4CD1-974F-E581367897B4}.Debug|ARM.ActiveCfg = Debug|Any CPU
		{D469F040-37FF-4CD1-974F-E581367897B4}.Debug|x86.ActiveCfg = Debug|Any CPU
		{D469F040-37FF-4CD1-974F-E581367897B4}.Release|Any CPU.ActiveCfg = Release|Any CPU
		{D469F040-37FF-4CD1-974F-E581367897B4}.Release|ARM.ActiveCfg = Release|Any CPU
		{D469F040-37FF-4CD1-974F-E581367897B4}.Release|x86.ActiveCfg = Release|Any CPU
		{8AC05374-6AA8-41DB-987A-5DA99C6FFCD5}.Debug|Any CPU.ActiveCfg = Debug|Any CPU
		{8AC05374-6AA8-41DB-987A-5DA99C6FFCD5}.Debug|Any CPU.Build.0 = Debug|Any CPU
		{8AC05374-6AA8-41DB-987A-5DA99C6FFCD5}.Debug|ARM.ActiveCfg = Debug|Any CPU
		{8AC05374-6AA8-41DB-987A-5DA99C6FFCD5}.Debug|x86.ActiveCfg = Debug|Any CPU
		{8AC05374-6AA8-41DB-987A-5DA99C6FFCD5}.Release|Any CPU.ActiveCfg = Release|Any CPU
		{8AC05374-6AA8-41DB-987A-5DA99C6FFCD5}.Release|ARM.ActiveCfg = Release|Any CPU
		{8AC05374-6AA8-41DB-987A-5DA99C6FFCD5}.Release|x86.ActiveCfg = Release|Any CPU
		{6E7FBB8B-8F16-415B-9A04-026639861872}.Debug|Any CPU.ActiveCfg = Debug|Any CPU
		{6E7FBB8B-8F16-415B-9A04-026639861872}.Debug|Any CPU.Build.0 = Debug|Any CPU
		{6E7FBB8B-8F16-415B-9A04-026639861872}.Debug|ARM.ActiveCfg = Debug|Any CPU
		{6E7FBB8B-8F16-415B-9A04-026639861872}.Debug|x86.ActiveCfg = Debug|Any CPU
		{6E7FBB8B-8F16-415B-9A04-026639861872}.Release|Any CPU.ActiveCfg = Release|Any CPU
		{6E7FBB8B-8F16-415B-9A04-026639861872}.Release|ARM.ActiveCfg = Release|Any CPU
		{6E7FBB8B-8F16-415B-9A04-026639861872}.Release|x86.ActiveCfg = Release|Any CPU
		{1B25317B-2775-4B68-A538-29148CFB75F6}.Debug|Any CPU.ActiveCfg = Debug|Any CPU
		{1B25317B-2775-4B68-A538-29148CFB75F6}.Debug|Any CPU.Build.0 = Debug|Any CPU
		{1B25317B-2775-4B68-A538-29148CFB75F6}.Debug|ARM.ActiveCfg = Debug|Any CPU
		{1B25317B-2775-4B68-A538-29148CFB75F6}.Debug|x86.ActiveCfg = Debug|Any CPU
		{1B25317B-2775-4B68-A538-29148CFB75F6}.Release|Any CPU.ActiveCfg = Release|Any CPU
		{1B25317B-2775-4B68-A538-29148CFB75F6}.Release|ARM.ActiveCfg = Release|Any CPU
		{1B25317B-2775-4B68-A538-29148CFB75F6}.Release|x86.ActiveCfg = Release|Any CPU
		{AC00B9F9-8EEF-4E6D-9515-DF3EDBC48634}.Debug|Any CPU.ActiveCfg = Debug|Any CPU
		{AC00B9F9-8EEF-4E6D-9515-DF3EDBC48634}.Debug|Any CPU.Build.0 = Debug|Any CPU
		{AC00B9F9-8EEF-4E6D-9515-DF3EDBC48634}.Debug|ARM.ActiveCfg = Debug|Any CPU
		{AC00B9F9-8EEF-4E6D-9515-DF3EDBC48634}.Debug|x86.ActiveCfg = Debug|Any CPU
		{AC00B9F9-8EEF-4E6D-9515-DF3EDBC48634}.Release|Any CPU.ActiveCfg = Release|Any CPU
		{AC00B9F9-8EEF-4E6D-9515-DF3EDBC48634}.Release|Any CPU.Build.0 = Release|Any CPU
		{AC00B9F9-8EEF-4E6D-9515-DF3EDBC48634}.Release|ARM.ActiveCfg = Release|Any CPU
		{AC00B9F9-8EEF-4E6D-9515-DF3EDBC48634}.Release|x86.ActiveCfg = Release|Any CPU
	EndGlobalSection
	GlobalSection(SolutionProperties) = preSolution
		HideSolutionNode = FALSE
	EndGlobalSection
	GlobalSection(NestedProjects) = preSolution
		{0FD3AE24-B9DA-4421-B0E3-57BCA0F4E642} = {7D5ED9CE-3144-43C8-B962-74C1C6BA6CE8}
		{B465F352-4BCF-421F-A6D2-BC57803E26AA} = {7D5ED9CE-3144-43C8-B962-74C1C6BA6CE8}
		{6E7FBB8B-8F16-415B-9A04-026639861872} = {0FD3AE24-B9DA-4421-B0E3-57BCA0F4E642}
		{1B25317B-2775-4B68-A538-29148CFB75F6} = {0FD3AE24-B9DA-4421-B0E3-57BCA0F4E642}
	EndGlobalSection
EndGlobal
